
Microsoft Visual Studio Solution File, Format Version 12.00
Project("{FAE04EC0-301F-11D3-BF4B-00C04F79EFBC}") = "Vault", "Vault.csproj", "{68C9A57A-36F6-4806-8648-F5224CE3621D}"
EndProject
Global
	GlobalSection(SolutionConfigurationPlatforms) = preSolution
		Debug|Any CPU = Debug|Any CPU
		Release|Any CPU = Release|Any CPU
	EndGlobalSection
	GlobalSection(ProjectConfigurationPlatforms) = postSolution
		{68C9A57A-36F6-4806-8648-F5224CE3621D}.Debug|Any CPU.ActiveCfg = Debug|Any CPU
		{68C9A57A-36F6-4806-8648-F5224CE3621D}.Debug|Any CPU.Build.0 = Debug|Any CPU
		{68C9A57A-36F6-4806-8648-F5224CE3621D}.Release|Any CPU.ActiveCfg = Release|Any CPU
		{68C9A57A-36F6-4806-8648-F5224CE3621D}.Release|Any CPU.Build.0 = Release|Any CPU
	EndGlobalSection
EndGlobal
